
Microsoft Visual Studio Solution File, Format Version 12.00
# Visual Studio Version 17
VisualStudioVersion = 17.11.35312.102
MinimumVisualStudioVersion = 10.0.40219.1
Project("{9A19103F-16F7-4668-BE54-9A1E7A4F7556}") = "CA_7_1", "CA_7_1.csproj", "{D7E83B08-ACF7-4A0D-9CD5-775E229D671A}"
EndProject
Project("{FAE04EC0-301F-11D3-BF4B-00C04F79EFBC}") = "CA_11_1", "..\CA_11_1\CA_11_1.csproj", "{F69CC1B7-0097-4691-B928-7A98886E400C}"
EndProject
Global
	GlobalSection(SolutionConfigurationPlatforms) = preSolution
		Debug|Any CPU = Debug|Any CPU
		Release|Any CPU = Release|Any CPU
	EndGlobalSection
	GlobalSection(ProjectConfigurationPlatforms) = postSolution
		{D7E83B08-ACF7-4A0D-9CD5-775E229D671A}.Debug|Any CPU.ActiveCfg = Debug|Any CPU
		{D7E83B08-ACF7-4A0D-9CD5-775E229D671A}.Debug|Any CPU.Build.0 = Debug|Any CPU
		{D7E83B08-ACF7-4A0D-9CD5-775E229D671A}.Release|Any CPU.ActiveCfg = Release|Any CPU
		{D7E83B08-ACF7-4A0D-9CD5-775E229D671A}.Release|Any CPU.Build.0 = Release|Any CPU
		{F69CC1B7-0097-4691-B928-7A98886E400C}.Debug|Any CPU.ActiveCfg = Debug|Any CPU
		{F69CC1B7-0097-4691-B928-7A98886E400C}.Debug|Any CPU.Build.0 = Debug|Any CPU
		{F69CC1B7-0097-4691-B928-7A98886E400C}.Release|Any CPU.ActiveCfg = Release|Any CPU
		{F69CC1B7-0097-4691-B928-7A98886E400C}.Release|Any CPU.Build.0 = Release|Any CPU
	EndGlobalSection
	GlobalSection(SolutionProperties) = preSolution
		HideSolutionNode = FALSE
	EndGlobalSection
	GlobalSection(ExtensibilityGlobals) = postSolution
		SolutionGuid = {E7D7A97E-8CBC-4391-AFEB-886BA300D4D7}
	EndGlobalSection
EndGlobal
